
Microsoft Visual Studio Solution File, Format Version 12.00
# Visual Studio Version 17
VisualStudioVersion = 17.3.32825.248
MinimumVisualStudioVersion = 10.0.40219.1
Project("{FAE04EC0-301F-11D3-BF4B-00C04F79EFBC}") = "pryBazanSP1Ventas", "pryBazanSP1Ventas.csproj", "{51CFD774-E160-49BB-BB70-D42D29B7E3B5}"
EndProject
Global
	GlobalSection(SolutionConfigurationPlatforms) = preSolution
		Debug|Any CPU = Debug|Any CPU
		Release|Any CPU = Release|Any CPU
	EndGlobalSection
	GlobalSection(ProjectConfigurationPlatforms) = postSolution
		{51CFD774-E160-49BB-BB70-D42D29B7E3B5}.Debug|Any CPU.ActiveCfg = Debug|Any CPU
		{51CFD774-E160-49BB-BB70-D42D29B7E3B5}.Debug|Any CPU.Build.0 = Debug|Any CPU
		{51CFD774-E160-49BB-BB70-D42D29B7E3B5}.Release|Any CPU.ActiveCfg = Release|Any CPU
		{51CFD774-E160-49BB-BB70-D42D29B7E3B5}.Release|Any CPU.Build.0 = Release|Any CPU
	EndGlobalSection
	GlobalSection(SolutionProperties) = preSolution
		HideSolutionNode = FALSE
	EndGlobalSection
	GlobalSection(ExtensibilityGlobals) = postSolution
		SolutionGuid = {1A4C9BBE-6F9B-4E61-8C9E-49FA93114100}
	EndGlobalSection
EndGlobal
